
Microsoft Visual Studio Solution File, Format Version 12.00
# Visual Studio Version 17
VisualStudioVersion = 17.2.32602.215
MinimumVisualStudioVersion = 10.0.40219.1
Project("{FAE04EC0-301F-11D3-BF4B-00C04F79EFBC}") = "WeatherDataServiceApp", "WeatherDataServiceApp\WeatherDataServiceApp.csproj", "{620A4D73-79E7-4A06-BB5B-B7E27C519EC2}"
EndProject
Global
	GlobalSection(SolutionConfigurationPlatforms) = preSolution
		Debug|Any CPU = Debug|Any CPU
		Release|Any CPU = Release|Any CPU
	EndGlobalSection
	GlobalSection(ProjectConfigurationPlatforms) = postSolution
		{620A4D73-79E7-4A06-BB5B-B7E27C519EC2}.Debug|Any CPU.ActiveCfg = Debug|Any CPU
		{620A4D73-79E7-4A06-BB5B-B7E27C519EC2}.Debug|Any CPU.Build.0 = Debug|Any CPU
		{620A4D73-79E7-4A06-BB5B-B7E27C519EC2}.Release|Any CPU.ActiveCfg = Release|Any CPU
		{620A4D73-79E7-4A06-BB5B-B7E27C519EC2}.Release|Any CPU.Build.0 = Release|Any CPU
	EndGlobalSection
	GlobalSection(SolutionProperties) = preSolution
		HideSolutionNode = FALSE
	EndGlobalSection
	GlobalSection(ExtensibilityGlobals) = postSolution
		SolutionGuid = {D515FBD9-5775-4EBE-BAF3-0B7B6A026DF0}
	EndGlobalSection
EndGlobal
